// !$*UTF8*$!
{
	archiveVersion = 1;
	classes = {
	};
	objectVersion = 46;
	objects = {

/* Begin PBXBuildFile section */
		097880A01C738D7400F39B52 /* main.m in Sources */ = {isa = PBXBuildFile; fileRef = 0978809F1C738D7400F39B52 /* main.m */; };
		097880A31C738D7400F39B52 /* AppDelegate.m in Sources */ = {isa = PBXBuildFile; fileRef = 097880A21C738D7400F39B52 /* AppDelegate.m */; };
		097880A61C738D7400F39B52 /* ViewController.m in Sources */ = {isa = PBXBuildFile; fileRef = 097880A51C738D7400F39B52 /* ViewController.m */; };
		097880A91C738D7400F39B52 /* Main.storyboard in Resources */ = {isa = PBXBuildFile; fileRef = 097880A71C738D7400F39B52 /* Main.storyboard */; };
		097880AB1C738D7400F39B52 /* Assets.xcassets in Resources */ = {isa = PBXBuildFile; fileRef = 097880AA1C738D7400F39B52 /* Assets.xcassets */; };
		097880AE1C738D7400F39B52 /* LaunchScreen.storyboard in Resources */ = {isa = PBXBuildFile; fileRef = 097880AC1C738D7400F39B52 /* LaunchScreen.storyboard */; };
		097880B91C738D7500F39B52 /* JoogarExampleTests.m in Sources */ = {isa = PBXBuildFile; fileRef = 097880B81C738D7500F39B52 /* JoogarExampleTests.m */; };
		097881701C73907800F39B52 /* libjre_emul.a in Frameworks */ = {isa = PBXBuildFile; fileRef = 0978816F1C73907800F39B52 /* libjre_emul.a */; };
		0978818C1C73912800F39B52 /* libsqlite3.dylib in Frameworks */ = {isa = PBXBuildFile; fileRef = 0978818B1C73912800F39B52 /* libsqlite3.dylib */; };
		0978818E1C73913D00F39B52 /* libz.1.dylib in Frameworks */ = {isa = PBXBuildFile; fileRef = 0978818D1C73913D00F39B52 /* libz.1.dylib */; };
		097881901C73914800F39B52 /* Security.framework in Frameworks */ = {isa = PBXBuildFile; fileRef = 0978818F1C73914800F39B52 /* Security.framework */; };
		097881921C73917800F39B52 /* libicucore.A.dylib in Frameworks */ = {isa = PBXBuildFile; fileRef = 097881911C73917800F39B52 /* libicucore.A.dylib */; };
		097883461C73948300F39B52 /* Column.m in Sources */ = {isa = PBXBuildFile; fileRef = 097883191C73948300F39B52 /* Column.m */; };
		097883471C73948300F39B52 /* Ignore.m in Sources */ = {isa = PBXBuildFile; fileRef = 0978831B1C73948300F39B52 /* Ignore.m */; };
		097883481C73948300F39B52 /* Joogar.m in Sources */ = {isa = PBXBuildFile; fileRef = 0978831D1C73948300F39B52 /* Joogar.m */; };
		097883491C73948300F39B52 /* JoogarConfig.m in Sources */ = {isa = PBXBuildFile; fileRef = 0978831F1C73948300F39B52 /* JoogarConfig.m */; };
		0978834A1C73948300F39B52 /* JoogarCursor.m in Sources */ = {isa = PBXBuildFile; fileRef = 097883211C73948300F39B52 /* JoogarCursor.m */; };
		0978834B1C73948300F39B52 /* JoogarCursorImpl.m in Sources */ = {isa = PBXBuildFile; fileRef = 097883231C73948300F39B52 /* JoogarCursorImpl.m */; };
		0978834C1C73948300F39B52 /* JoogarCursorList.m in Sources */ = {isa = PBXBuildFile; fileRef = 097883251C73948300F39B52 /* JoogarCursorList.m */; };
		0978834D1C73948300F39B52 /* JoogarDatabase.m in Sources */ = {isa = PBXBuildFile; fileRef = 097883271C73948300F39B52 /* JoogarDatabase.m */; };
		0978834E1C73948300F39B52 /* JoogarDatabaseBuilder.m in Sources */ = {isa = PBXBuildFile; fileRef = 097883291C73948300F39B52 /* JoogarDatabaseBuilder.m */; };
		0978834F1C73948300F39B52 /* JoogarDatabaseResult.m in Sources */ = {isa = PBXBuildFile; fileRef = 0978832B1C73948300F39B52 /* JoogarDatabaseResult.m */; };
		097883501C73948300F39B52 /* JoogarLogger.m in Sources */ = {isa = PBXBuildFile; fileRef = 0978832D1C73948300F39B52 /* JoogarLogger.m */; };
		097883511C73948300F39B52 /* JoogarObjectAbstractFactory.m in Sources */ = {isa = PBXBuildFile; fileRef = 0978832F1C73948300F39B52 /* JoogarObjectAbstractFactory.m */; };
		097883521C73948300F39B52 /* JoogarRecord.m in Sources */ = {isa = PBXBuildFile; fileRef = 097883311C73948300F39B52 /* JoogarRecord.m */; };
		097883531C73948300F39B52 /* JoogarUpgradeScriptComparator.m in Sources */ = {isa = PBXBuildFile; fileRef = 097883331C73948300F39B52 /* JoogarUpgradeScriptComparator.m */; };
		097883541C73948300F39B52 /* NamingHelper.m in Sources */ = {isa = PBXBuildFile; fileRef = 097883351C73948300F39B52 /* NamingHelper.m */; };
		097883551C73948300F39B52 /* NotNull.m in Sources */ = {isa = PBXBuildFile; fileRef = 097883371C73948300F39B52 /* NotNull.m */; };
		097883561C73948300F39B52 /* QueryBuilder.m in Sources */ = {isa = PBXBuildFile; fileRef = 097883391C73948300F39B52 /* QueryBuilder.m */; };
		097883571C73948300F39B52 /* ReflectionUtils.m in Sources */ = {isa = PBXBuildFile; fileRef = 0978833B1C73948300F39B52 /* ReflectionUtils.m */; };
		097883581C73948300F39B52 /* SchemaGenerator.m in Sources */ = {isa = PBXBuildFile; fileRef = 0978833D1C73948300F39B52 /* SchemaGenerator.m */; };
		097883591C73948300F39B52 /* SQLException.m in Sources */ = {isa = PBXBuildFile; fileRef = 0978833F1C73948300F39B52 /* SQLException.m */; };
		0978835A1C73948300F39B52 /* SystemUtils.m in Sources */ = {isa = PBXBuildFile; fileRef = 097883411C73948300F39B52 /* SystemUtils.m */; };
		0978835B1C73948300F39B52 /* Table.m in Sources */ = {isa = PBXBuildFile; fileRef = 097883431C73948300F39B52 /* Table.m */; };
		0978835C1C73948300F39B52 /* Unique.m in Sources */ = {isa = PBXBuildFile; fileRef = 097883451C73948300F39B52 /* Unique.m */; };
		0978836F1C73959A00F39B52 /* IOSJoogarDatabase.m in Sources */ = {isa = PBXBuildFile; fileRef = 0978835F1C73959A00F39B52 /* IOSJoogarDatabase.m */; };
		097883701C73959A00F39B52 /* IOSJoogarDatabaseResult.m in Sources */ = {isa = PBXBuildFile; fileRef = 097883611C73959A00F39B52 /* IOSJoogarDatabaseResult.m */; };
		097883711C73959A00F39B52 /* IOSJoogarLogger.m in Sources */ = {isa = PBXBuildFile; fileRef = 097883631C73959A00F39B52 /* IOSJoogarLogger.m */; };
		097883721C73959A00F39B52 /* IOSJoogarObjectFactory.m in Sources */ = {isa = PBXBuildFile; fileRef = 097883651C73959A00F39B52 /* IOSJoogarObjectFactory.m */; };
		097883731C73959A00F39B52 /* IOSReflectionUtils.m in Sources */ = {isa = PBXBuildFile; fileRef = 097883671C73959A00F39B52 /* IOSReflectionUtils.m */; };
		097883741C73959A00F39B52 /* IOSSystemUtils.m in Sources */ = {isa = PBXBuildFile; fileRef = 097883691C73959A00F39B52 /* IOSSystemUtils.m */; };
		097883751C73959A00F39B52 /* SQLiteDB.m in Sources */ = {isa = PBXBuildFile; fileRef = 0978836C1C73959A00F39B52 /* SQLiteDB.m */; };
		097883761C73959A00F39B52 /* SQLiteStatement.m in Sources */ = {isa = PBXBuildFile; fileRef = 0978836E1C73959A00F39B52 /* SQLiteStatement.m */; };
/* End PBXBuildFile section */

/* Begin PBXContainerItemProxy section */
		097880B51C738D7500F39B52 /* PBXContainerItemProxy */ = {
			isa = PBXContainerItemProxy;
			containerPortal = 097880931C738D7400F39B52 /* Project object */;
			proxyType = 1;
			remoteGlobalIDString = 0978809A1C738D7400F39B52;
			remoteInfo = JoogarExample;
		};
/* End PBXContainerItemProxy section */

/* Begin PBXFileReference section */
		0978809B1C738D7400F39B52 /* JoogarExample.app */ = {isa = PBXFileReference; explicitFileType = wrapper.application; includeInIndex = 0; path = JoogarExample.app; sourceTree = BUILT_PRODUCTS_DIR; };
		0978809F1C738D7400F39B52 /* main.m */ = {isa = PBXFileReference; lastKnownFileType = sourcecode.c.objc; path = main.m; sourceTree = "<group>"; };
		097880A11C738D7400F39B52 /* AppDelegate.h */ = {isa = PBXFileReference; lastKnownFileType = sourcecode.c.h; path = AppDelegate.h; sourceTree = "<group>"; };
		097880A21C738D7400F39B52 /* AppDelegate.m */ = {isa = PBXFileReference; lastKnownFileType = sourcecode.c.objc; path = AppDelegate.m; sourceTree = "<group>"; };
		097880A41C738D7400F39B52 /* ViewController.h */ = {isa = PBXFileReference; lastKnownFileType = sourcecode.c.h; path = ViewController.h; sourceTree = "<group>"; };
		097880A51C738D7400F39B52 /* ViewController.m */ = {isa = PBXFileReference; lastKnownFileType = sourcecode.c.objc; path = ViewController.m; sourceTree = "<group>"; };
		097880A81C738D7400F39B52 /* Base */ = {isa = PBXFileReference; lastKnownFileType = file.storyboard; name = Base; path = Base.lproj/Main.storyboard; sourceTree = "<group>"; };
		097880AA1C738D7400F39B52 /* Assets.xcassets */ = {isa = PBXFileReference; lastKnownFileType = folder.assetcatalog; path = Assets.xcassets; sourceTree = "<group>"; };
		097880AD1C738D7400F39B52 /* Base */ = {isa = PBXFileReference; lastKnownFileType = file.storyboard; name = Base; path = Base.lproj/LaunchScreen.storyboard; sourceTree = "<group>"; };
		097880AF1C738D7400F39B52 /* Info.plist */ = {isa = PBXFileReference; lastKnownFileType = text.plist.xml; path = Info.plist; sourceTree = "<group>"; };
		097880B41C738D7500F39B52 /* JoogarExampleTests.xctest */ = {isa = PBXFileReference; explicitFileType = wrapper.cfbundle; includeInIndex = 0; path = JoogarExampleTests.xctest; sourceTree = BUILT_PRODUCTS_DIR; };
		097880B81C738D7500F39B52 /* JoogarExampleTests.m */ = {isa = PBXFileReference; lastKnownFileType = sourcecode.c.objc; path = JoogarExampleTests.m; sourceTree = "<group>"; };
		097880BA1C738D7500F39B52 /* Info.plist */ = {isa = PBXFileReference; lastKnownFileType = text.plist.xml; path = Info.plist; sourceTree = "<group>"; };
		0978816F1C73907800F39B52 /* libjre_emul.a */ = {isa = PBXFileReference; lastKnownFileType = archive.ar; name = libjre_emul.a; path = ../j2objc/libjre_emul.a; sourceTree = "<group>"; };
		0978818B1C73912800F39B52 /* libsqlite3.dylib */ = {isa = PBXFileReference; lastKnownFileType = "compiled.mach-o.dylib"; name = libsqlite3.dylib; path = /usr/lib/libsqlite3.dylib; sourceTree = "<absolute>"; };
		0978818D1C73913D00F39B52 /* libz.1.dylib */ = {isa = PBXFileReference; lastKnownFileType = "compiled.mach-o.dylib"; name = libz.1.dylib; path = /usr/lib/libz.1.dylib; sourceTree = "<absolute>"; };
		0978818F1C73914800F39B52 /* Security.framework */ = {isa = PBXFileReference; lastKnownFileType = wrapper.framework; name = Security.framework; path = System/Library/Frameworks/Security.framework; sourceTree = SDKROOT; };
		097881911C73917800F39B52 /* libicucore.A.dylib */ = {isa = PBXFileReference; lastKnownFileType = "compiled.mach-o.dylib"; name = libicucore.A.dylib; path = /usr/lib/libicucore.A.dylib; sourceTree = "<absolute>"; };
		097883181C73948300F39B52 /* Column.h */ = {isa = PBXFileReference; fileEncoding = 4; lastKnownFileType = sourcecode.c.h; path = Column.h; sourceTree = "<group>"; };
		097883191C73948300F39B52 /* Column.m */ = {isa = PBXFileReference; fileEncoding = 4; lastKnownFileType = sourcecode.c.objc; path = Column.m; sourceTree = "<group>"; };
		0978831A1C73948300F39B52 /* Ignore.h */ = {isa = PBXFileReference; fileEncoding = 4; lastKnownFileType = sourcecode.c.h; path = Ignore.h; sourceTree = "<group>"; };
		0978831B1C73948300F39B52 /* Ignore.m */ = {isa = PBXFileReference; fileEncoding = 4; lastKnownFileType = sourcecode.c.objc; path = Ignore.m; sourceTree = "<group>"; };
		0978831C1C73948300F39B52 /* Joogar.h */ = {isa = PBXFileReference; fileEncoding = 4; lastKnownFileType = sourcecode.c.h; path = Joogar.h; sourceTree = "<group>"; };
		0978831D1C73948300F39B52 /* Joogar.m */ = {isa = PBXFileReference; fileEncoding = 4; lastKnownFileType = sourcecode.c.objc; path = Joogar.m; sourceTree = "<group>"; };
		0978831E1C73948300F39B52 /* JoogarConfig.h */ = {isa = PBXFileReference; fileEncoding = 4; lastKnownFileType = sourcecode.c.h; path = JoogarConfig.h; sourceTree = "<group>"; };
		0978831F1C73948300F39B52 /* JoogarConfig.m */ = {isa = PBXFileReference; fileEncoding = 4; lastKnownFileType = sourcecode.c.objc; path = JoogarConfig.m; sourceTree = "<group>"; };
		097883201C73948300F39B52 /* JoogarCursor.h */ = {isa = PBXFileReference; fileEncoding = 4; lastKnownFileType = sourcecode.c.h; path = JoogarCursor.h; sourceTree = "<group>"; };
		097883211C73948300F39B52 /* JoogarCursor.m */ = {isa = PBXFileReference; fileEncoding = 4; lastKnownFileType = sourcecode.c.objc; path = JoogarCursor.m; sourceTree = "<group>"; };
		097883221C73948300F39B52 /* JoogarCursorImpl.h */ = {isa = PBXFileReference; fileEncoding = 4; lastKnownFileType = sourcecode.c.h; path = JoogarCursorImpl.h; sourceTree = "<group>"; };
		097883231C73948300F39B52 /* JoogarCursorImpl.m */ = {isa = PBXFileReference; fileEncoding = 4; lastKnownFileType = sourcecode.c.objc; path = JoogarCursorImpl.m; sourceTree = "<group>"; };
		097883241C73948300F39B52 /* JoogarCursorList.h */ = {isa = PBXFileReference; fileEncoding = 4; lastKnownFileType = sourcecode.c.h; path = JoogarCursorList.h; sourceTree = "<group>"; };
		097883251C73948300F39B52 /* JoogarCursorList.m */ = {isa = PBXFileReference; fileEncoding = 4; lastKnownFileType = sourcecode.c.objc; path = JoogarCursorList.m; sourceTree = "<group>"; };
		097883261C73948300F39B52 /* JoogarDatabase.h */ = {isa = PBXFileReference; fileEncoding = 4; lastKnownFileType = sourcecode.c.h; path = JoogarDatabase.h; sourceTree = "<group>"; };
		097883271C73948300F39B52 /* JoogarDatabase.m */ = {isa = PBXFileReference; fileEncoding = 4; lastKnownFileType = sourcecode.c.objc; path = JoogarDatabase.m; sourceTree = "<group>"; };
		097883281C73948300F39B52 /* JoogarDatabaseBuilder.h */ = {isa = PBXFileReference; fileEncoding = 4; lastKnownFileType = sourcecode.c.h; path = JoogarDatabaseBuilder.h; sourceTree = "<group>"; };
		097883291C73948300F39B52 /* JoogarDatabaseBuilder.m */ = {isa = PBXFileReference; fileEncoding = 4; lastKnownFileType = sourcecode.c.objc; path = JoogarDatabaseBuilder.m; sourceTree = "<group>"; };
		0978832A1C73948300F39B52 /* JoogarDatabaseResult.h */ = {isa = PBXFileReference; fileEncoding = 4; lastKnownFileType = sourcecode.c.h; path = JoogarDatabaseResult.h; sourceTree = "<group>"; };
		0978832B1C73948300F39B52 /* JoogarDatabaseResult.m */ = {isa = PBXFileReference; fileEncoding = 4; lastKnownFileType = sourcecode.c.objc; path = JoogarDatabaseResult.m; sourceTree = "<group>"; };
		0978832C1C73948300F39B52 /* JoogarLogger.h */ = {isa = PBXFileReference; fileEncoding = 4; lastKnownFileType = sourcecode.c.h; path = JoogarLogger.h; sourceTree = "<group>"; };
		0978832D1C73948300F39B52 /* JoogarLogger.m */ = {isa = PBXFileReference; fileEncoding = 4; lastKnownFileType = sourcecode.c.objc; path = JoogarLogger.m; sourceTree = "<group>"; };
		0978832E1C73948300F39B52 /* JoogarObjectAbstractFactory.h */ = {isa = PBXFileReference; fileEncoding = 4; lastKnownFileType = sourcecode.c.h; path = JoogarObjectAbstractFactory.h; sourceTree = "<group>"; };
		0978832F1C73948300F39B52 /* JoogarObjectAbstractFactory.m */ = {isa = PBXFileReference; fileEncoding = 4; lastKnownFileType = sourcecode.c.objc; path = JoogarObjectAbstractFactory.m; sourceTree = "<group>"; };
		097883301C73948300F39B52 /* JoogarRecord.h */ = {isa = PBXFileReference; fileEncoding = 4; lastKnownFileType = sourcecode.c.h; path = JoogarRecord.h; sourceTree = "<group>"; };
		097883311C73948300F39B52 /* JoogarRecord.m */ = {isa = PBXFileReference; fileEncoding = 4; lastKnownFileType = sourcecode.c.objc; path = JoogarRecord.m; sourceTree = "<group>"; };
		097883321C73948300F39B52 /* JoogarUpgradeScriptComparator.h */ = {isa = PBXFileReference; fileEncoding = 4; lastKnownFileType = sourcecode.c.h; path = JoogarUpgradeScriptComparator.h; sourceTree = "<group>"; };
		097883331C73948300F39B52 /* JoogarUpgradeScriptComparator.m */ = {isa = PBXFileReference; fileEncoding = 4; lastKnownFileType = sourcecode.c.objc; path = JoogarUpgradeScriptComparator.m; sourceTree = "<group>"; };
		097883341C73948300F39B52 /* NamingHelper.h */ = {isa = PBXFileReference; fileEncoding = 4; lastKnownFileType = sourcecode.c.h; path = NamingHelper.h; sourceTree = "<group>"; };
		097883351C73948300F39B52 /* NamingHelper.m */ = {isa = PBXFileReference; fileEncoding = 4; lastKnownFileType = sourcecode.c.objc; path = NamingHelper.m; sourceTree = "<group>"; };
		097883361C73948300F39B52 /* NotNull.h */ = {isa = PBXFileReference; fileEncoding = 4; lastKnownFileType = sourcecode.c.h; path = NotNull.h; sourceTree = "<group>"; };
		097883371C73948300F39B52 /* NotNull.m */ = {isa = PBXFileReference; fileEncoding = 4; lastKnownFileType = sourcecode.c.objc; path = NotNull.m; sourceTree = "<group>"; };
		097883381C73948300F39B52 /* QueryBuilder.h */ = {isa = PBXFileReference; fileEncoding = 4; lastKnownFileType = sourcecode.c.h; path = QueryBuilder.h; sourceTree = "<group>"; };
		097883391C73948300F39B52 /* QueryBuilder.m */ = {isa = PBXFileReference; fileEncoding = 4; lastKnownFileType = sourcecode.c.objc; path = QueryBuilder.m; sourceTree = "<group>"; };
		0978833A1C73948300F39B52 /* ReflectionUtils.h */ = {isa = PBXFileReference; fileEncoding = 4; lastKnownFileType = sourcecode.c.h; path = ReflectionUtils.h; sourceTree = "<group>"; };
		0978833B1C73948300F39B52 /* ReflectionUtils.m */ = {isa = PBXFileReference; fileEncoding = 4; lastKnownFileType = sourcecode.c.objc; path = ReflectionUtils.m; sourceTree = "<group>"; };
		0978833C1C73948300F39B52 /* SchemaGenerator.h */ = {isa = PBXFileReference; fileEncoding = 4; lastKnownFileType = sourcecode.c.h; path = SchemaGenerator.h; sourceTree = "<group>"; };
		0978833D1C73948300F39B52 /* SchemaGenerator.m */ = {isa = PBXFileReference; fileEncoding = 4; lastKnownFileType = sourcecode.c.objc; path = SchemaGenerator.m; sourceTree = "<group>"; };
		0978833E1C73948300F39B52 /* SQLException.h */ = {isa = PBXFileReference; fileEncoding = 4; lastKnownFileType = sourcecode.c.h; path = SQLException.h; sourceTree = "<group>"; };
		0978833F1C73948300F39B52 /* SQLException.m */ = {isa = PBXFileReference; fileEncoding = 4; lastKnownFileType = sourcecode.c.objc; path = SQLException.m; sourceTree = "<group>"; };
		097883401C73948300F39B52 /* SystemUtils.h */ = {isa = PBXFileReference; fileEncoding = 4; lastKnownFileType = sourcecode.c.h; path = SystemUtils.h; sourceTree = "<group>"; };
		097883411C73948300F39B52 /* SystemUtils.m */ = {isa = PBXFileReference; fileEncoding = 4; lastKnownFileType = sourcecode.c.objc; path = SystemUtils.m; sourceTree = "<group>"; };
		097883421C73948300F39B52 /* Table.h */ = {isa = PBXFileReference; fileEncoding = 4; lastKnownFileType = sourcecode.c.h; path = Table.h; sourceTree = "<group>"; };
		097883431C73948300F39B52 /* Table.m */ = {isa = PBXFileReference; fileEncoding = 4; lastKnownFileType = sourcecode.c.objc; path = Table.m; sourceTree = "<group>"; };
		097883441C73948300F39B52 /* Unique.h */ = {isa = PBXFileReference; fileEncoding = 4; lastKnownFileType = sourcecode.c.h; path = Unique.h; sourceTree = "<group>"; };
		097883451C73948300F39B52 /* Unique.m */ = {isa = PBXFileReference; fileEncoding = 4; lastKnownFileType = sourcecode.c.objc; path = Unique.m; sourceTree = "<group>"; };
		0978835E1C73959A00F39B52 /* IOSJoogarDatabase.h */ = {isa = PBXFileReference; fileEncoding = 4; lastKnownFileType = sourcecode.c.h; path = IOSJoogarDatabase.h; sourceTree = "<group>"; };
		0978835F1C73959A00F39B52 /* IOSJoogarDatabase.m */ = {isa = PBXFileReference; fileEncoding = 4; lastKnownFileType = sourcecode.c.objc; path = IOSJoogarDatabase.m; sourceTree = "<group>"; };
		097883601C73959A00F39B52 /* IOSJoogarDatabaseResult.h */ = {isa = PBXFileReference; fileEncoding = 4; lastKnownFileType = sourcecode.c.h; path = IOSJoogarDatabaseResult.h; sourceTree = "<group>"; };
		097883611C73959A00F39B52 /* IOSJoogarDatabaseResult.m */ = {isa = PBXFileReference; fileEncoding = 4; lastKnownFileType = sourcecode.c.objc; path = IOSJoogarDatabaseResult.m; sourceTree = "<group>"; };
		097883621C73959A00F39B52 /* IOSJoogarLogger.h */ = {isa = PBXFileReference; fileEncoding = 4; lastKnownFileType = sourcecode.c.h; path = IOSJoogarLogger.h; sourceTree = "<group>"; };
		097883631C73959A00F39B52 /* IOSJoogarLogger.m */ = {isa = PBXFileReference; fileEncoding = 4; lastKnownFileType = sourcecode.c.objc; path = IOSJoogarLogger.m; sourceTree = "<group>"; };
		097883641C73959A00F39B52 /* IOSJoogarObjectFactory.h */ = {isa = PBXFileReference; fileEncoding = 4; lastKnownFileType = sourcecode.c.h; path = IOSJoogarObjectFactory.h; sourceTree = "<group>"; };
		097883651C73959A00F39B52 /* IOSJoogarObjectFactory.m */ = {isa = PBXFileReference; fileEncoding = 4; lastKnownFileType = sourcecode.c.objc; path = IOSJoogarObjectFactory.m; sourceTree = "<group>"; };
		097883661C73959A00F39B52 /* IOSReflectionUtils.h */ = {isa = PBXFileReference; fileEncoding = 4; lastKnownFileType = sourcecode.c.h; path = IOSReflectionUtils.h; sourceTree = "<group>"; };
		097883671C73959A00F39B52 /* IOSReflectionUtils.m */ = {isa = PBXFileReference; fileEncoding = 4; lastKnownFileType = sourcecode.c.objc; path = IOSReflectionUtils.m; sourceTree = "<group>"; };
		097883681C73959A00F39B52 /* IOSSystemUtils.h */ = {isa = PBXFileReference; fileEncoding = 4; lastKnownFileType = sourcecode.c.h; path = IOSSystemUtils.h; sourceTree = "<group>"; };
		097883691C73959A00F39B52 /* IOSSystemUtils.m */ = {isa = PBXFileReference; fileEncoding = 4; lastKnownFileType = sourcecode.c.objc; path = IOSSystemUtils.m; sourceTree = "<group>"; };
		0978836B1C73959A00F39B52 /* SQLiteDB.h */ = {isa = PBXFileReference; fileEncoding = 4; lastKnownFileType = sourcecode.c.h; path = SQLiteDB.h; sourceTree = "<group>"; };
		0978836C1C73959A00F39B52 /* SQLiteDB.m */ = {isa = PBXFileReference; fileEncoding = 4; lastKnownFileType = sourcecode.c.objc; path = SQLiteDB.m; sourceTree = "<group>"; };
		0978836D1C73959A00F39B52 /* SQLiteStatement.h */ = {isa = PBXFileReference; fileEncoding = 4; lastKnownFileType = sourcecode.c.h; path = SQLiteStatement.h; sourceTree = "<group>"; };
		0978836E1C73959A00F39B52 /* SQLiteStatement.m */ = {isa = PBXFileReference; fileEncoding = 4; lastKnownFileType = sourcecode.c.objc; path = SQLiteStatement.m; sourceTree = "<group>"; };
/* End PBXFileReference section */

/* Begin PBXFrameworksBuildPhase section */
		097880981C738D7400F39B52 /* Frameworks */ = {
			isa = PBXFrameworksBuildPhase;
			buildActionMask = 2147483647;
			files = (
				097881901C73914800F39B52 /* Security.framework in Frameworks */,
				097881921C73917800F39B52 /* libicucore.A.dylib in Frameworks */,
				0978818E1C73913D00F39B52 /* libz.1.dylib in Frameworks */,
				0978818C1C73912800F39B52 /* libsqlite3.dylib in Frameworks */,
				097881701C73907800F39B52 /* libjre_emul.a in Frameworks */,
			);
			runOnlyForDeploymentPostprocessing = 0;
		};
		097880B11C738D7500F39B52 /* Frameworks */ = {
			isa = PBXFrameworksBuildPhase;
			buildActionMask = 2147483647;
			files = (
			);
			runOnlyForDeploymentPostprocessing = 0;
		};
/* End PBXFrameworksBuildPhase section */

/* Begin PBXGroup section */
		097880921C738D7400F39B52 = {
			isa = PBXGroup;
			children = (
				0978809D1C738D7400F39B52 /* JoogarExample */,
				097880B71C738D7500F39B52 /* JoogarExampleTests */,
				0978809C1C738D7400F39B52 /* Products */,
			);
			sourceTree = "<group>";
		};
		0978809C1C738D7400F39B52 /* Products */ = {
			isa = PBXGroup;
			children = (
				0978809B1C738D7400F39B52 /* JoogarExample.app */,
				097880B41C738D7500F39B52 /* JoogarExampleTests.xctest */,
			);
			name = Products;
			sourceTree = "<group>";
		};
		0978809D1C738D7400F39B52 /* JoogarExample */ = {
			isa = PBXGroup;
			children = (
				097881931C7391A000F39B52 /* library */,
				097883171C73948300F39B52 /* joogar-java */,
				0978835D1C73959A00F39B52 /* joogar-ios */,
				097880A11C738D7400F39B52 /* AppDelegate.h */,
				097880A21C738D7400F39B52 /* AppDelegate.m */,
				097880A41C738D7400F39B52 /* ViewController.h */,
				097880A51C738D7400F39B52 /* ViewController.m */,
				097880A71C738D7400F39B52 /* Main.storyboard */,
				097880AA1C738D7400F39B52 /* Assets.xcassets */,
				097880AC1C738D7400F39B52 /* LaunchScreen.storyboard */,
				097880AF1C738D7400F39B52 /* Info.plist */,
				0978809E1C738D7400F39B52 /* Supporting Files */,
			);
			path = JoogarExample;
			sourceTree = "<group>";
		};
		0978809E1C738D7400F39B52 /* Supporting Files */ = {
			isa = PBXGroup;
			children = (
				0978809F1C738D7400F39B52 /* main.m */,
			);
			name = "Supporting Files";
			sourceTree = "<group>";
		};
		097880B71C738D7500F39B52 /* JoogarExampleTests */ = {
			isa = PBXGroup;
			children = (
				097880B81C738D7500F39B52 /* JoogarExampleTests.m */,
				097880BA1C738D7500F39B52 /* Info.plist */,
			);
			path = JoogarExampleTests;
			sourceTree = "<group>";
		};
		097881931C7391A000F39B52 /* library */ = {
			isa = PBXGroup;
			children = (
				0978816F1C73907800F39B52 /* libjre_emul.a */,
				097881911C73917800F39B52 /* libicucore.A.dylib */,
				0978818F1C73914800F39B52 /* Security.framework */,
				0978818D1C73913D00F39B52 /* libz.1.dylib */,
				0978818B1C73912800F39B52 /* libsqlite3.dylib */,
			);
			name = library;
			sourceTree = "<group>";
		};
		097883171C73948300F39B52 /* joogar-java */ = {
			isa = PBXGroup;
			children = (
				097883181C73948300F39B52 /* Column.h */,
				097883191C73948300F39B52 /* Column.m */,
				0978831A1C73948300F39B52 /* Ignore.h */,
				0978831B1C73948300F39B52 /* Ignore.m */,
				0978831C1C73948300F39B52 /* Joogar.h */,
				0978831D1C73948300F39B52 /* Joogar.m */,
				0978831E1C73948300F39B52 /* JoogarConfig.h */,
				0978831F1C73948300F39B52 /* JoogarConfig.m */,
				097883201C73948300F39B52 /* JoogarCursor.h */,
				097883211C73948300F39B52 /* JoogarCursor.m */,
				097883221C73948300F39B52 /* JoogarCursorImpl.h */,
				097883231C73948300F39B52 /* JoogarCursorImpl.m */,
				097883241C73948300F39B52 /* JoogarCursorList.h */,
				097883251C73948300F39B52 /* JoogarCursorList.m */,
				097883261C73948300F39B52 /* JoogarDatabase.h */,
				097883271C73948300F39B52 /* JoogarDatabase.m */,
				097883281C73948300F39B52 /* JoogarDatabaseBuilder.h */,
				097883291C73948300F39B52 /* JoogarDatabaseBuilder.m */,
				0978832A1C73948300F39B52 /* JoogarDatabaseResult.h */,
				0978832B1C73948300F39B52 /* JoogarDatabaseResult.m */,
				0978832C1C73948300F39B52 /* JoogarLogger.h */,
				0978832D1C73948300F39B52 /* JoogarLogger.m */,
				0978832E1C73948300F39B52 /* JoogarObjectAbstractFactory.h */,
				0978832F1C73948300F39B52 /* JoogarObjectAbstractFactory.m */,
				097883301C73948300F39B52 /* JoogarRecord.h */,
				097883311C73948300F39B52 /* JoogarRecord.m */,
				097883321C73948300F39B52 /* JoogarUpgradeScriptComparator.h */,
				097883331C73948300F39B52 /* JoogarUpgradeScriptComparator.m */,
				097883341C73948300F39B52 /* NamingHelper.h */,
				097883351C73948300F39B52 /* NamingHelper.m */,
				097883361C73948300F39B52 /* NotNull.h */,
				097883371C73948300F39B52 /* NotNull.m */,
				097883381C73948300F39B52 /* QueryBuilder.h */,
				097883391C73948300F39B52 /* QueryBuilder.m */,
				0978833A1C73948300F39B52 /* ReflectionUtils.h */,
				0978833B1C73948300F39B52 /* ReflectionUtils.m */,
				0978833C1C73948300F39B52 /* SchemaGenerator.h */,
				0978833D1C73948300F39B52 /* SchemaGenerator.m */,
				0978833E1C73948300F39B52 /* SQLException.h */,
				0978833F1C73948300F39B52 /* SQLException.m */,
				097883401C73948300F39B52 /* SystemUtils.h */,
				097883411C73948300F39B52 /* SystemUtils.m */,
				097883421C73948300F39B52 /* Table.h */,
				097883431C73948300F39B52 /* Table.m */,
				097883441C73948300F39B52 /* Unique.h */,
				097883451C73948300F39B52 /* Unique.m */,
			);
			path = "joogar-java";
			sourceTree = SOURCE_ROOT;
		};
		0978835D1C73959A00F39B52 /* joogar-ios */ = {
			isa = PBXGroup;
			children = (
				0978835E1C73959A00F39B52 /* IOSJoogarDatabase.h */,
				0978835F1C73959A00F39B52 /* IOSJoogarDatabase.m */,
				097883601C73959A00F39B52 /* IOSJoogarDatabaseResult.h */,
				097883611C73959A00F39B52 /* IOSJoogarDatabaseResult.m */,
				097883621C73959A00F39B52 /* IOSJoogarLogger.h */,
				097883631C73959A00F39B52 /* IOSJoogarLogger.m */,
				097883641C73959A00F39B52 /* IOSJoogarObjectFactory.h */,
				097883651C73959A00F39B52 /* IOSJoogarObjectFactory.m */,
				097883661C73959A00F39B52 /* IOSReflectionUtils.h */,
				097883671C73959A00F39B52 /* IOSReflectionUtils.m */,
				097883681C73959A00F39B52 /* IOSSystemUtils.h */,
				097883691C73959A00F39B52 /* IOSSystemUtils.m */,
				0978836A1C73959A00F39B52 /* sqlite */,
			);
			name = "joogar-ios";
			path = ../../../../joogar/src/main/java/net/skoumal/joogar/ios;
			sourceTree = "<group>";
		};
		0978836A1C73959A00F39B52 /* sqlite */ = {
			isa = PBXGroup;
			children = (
				0978836B1C73959A00F39B52 /* SQLiteDB.h */,
				0978836C1C73959A00F39B52 /* SQLiteDB.m */,
				0978836D1C73959A00F39B52 /* SQLiteStatement.h */,
				0978836E1C73959A00F39B52 /* SQLiteStatement.m */,
			);
			path = sqlite;
			sourceTree = "<group>";
		};
/* End PBXGroup section */

/* Begin PBXNativeTarget section */
		0978809A1C738D7400F39B52 /* JoogarExample */ = {
			isa = PBXNativeTarget;
			buildConfigurationList = 097880BD1C738D7500F39B52 /* Build configuration list for PBXNativeTarget "JoogarExample" */;
			buildPhases = (
				097880971C738D7400F39B52 /* Sources */,
				097880981C738D7400F39B52 /* Frameworks */,
				097880991C738D7400F39B52 /* Resources */,
			);
			buildRules = (
			);
			dependencies = (
			);
			name = JoogarExample;
			productName = JoogarExample;
			productReference = 0978809B1C738D7400F39B52 /* JoogarExample.app */;
			productType = "com.apple.product-type.application";
		};
		097880B31C738D7500F39B52 /* JoogarExampleTests */ = {
			isa = PBXNativeTarget;
			buildConfigurationList = 097880C01C738D7500F39B52 /* Build configuration list for PBXNativeTarget "JoogarExampleTests" */;
			buildPhases = (
				097880B01C738D7500F39B52 /* Sources */,
				097880B11C738D7500F39B52 /* Frameworks */,
				097880B21C738D7500F39B52 /* Resources */,
			);
			buildRules = (
			);
			dependencies = (
				097880B61C738D7500F39B52 /* PBXTargetDependency */,
			);
			name = JoogarExampleTests;
			productName = JoogarExampleTests;
			productReference = 097880B41C738D7500F39B52 /* JoogarExampleTests.xctest */;
			productType = "com.apple.product-type.bundle.unit-test";
		};
/* End PBXNativeTarget section */

/* Begin PBXProject section */
		097880931C738D7400F39B52 /* Project object */ = {
			isa = PBXProject;
			attributes = {
				LastUpgradeCheck = 0720;
				ORGANIZATIONNAME = "SKOUMAL s.r.o.";
				TargetAttributes = {
					0978809A1C738D7400F39B52 = {
						CreatedOnToolsVersion = 7.2;
					};
					097880B31C738D7500F39B52 = {
						CreatedOnToolsVersion = 7.2;
						TestTargetID = 0978809A1C738D7400F39B52;
					};
				};
			};
			buildConfigurationList = 097880961C738D7400F39B52 /* Build configuration list for PBXProject "JoogarExample" */;
			compatibilityVersion = "Xcode 3.2";
			developmentRegion = English;
			hasScannedForEncodings = 0;
			knownRegions = (
				en,
				Base,
			);
			mainGroup = 097880921C738D7400F39B52;
			productRefGroup = 0978809C1C738D7400F39B52 /* Products */;
			projectDirPath = "";
			projectRoot = "";
			targets = (
				0978809A1C738D7400F39B52 /* JoogarExample */,
				097880B31C738D7500F39B52 /* JoogarExampleTests */,
			);
		};
/* End PBXProject section */

/* Begin PBXResourcesBuildPhase section */
		097880991C738D7400F39B52 /* Resources */ = {
			isa = PBXResourcesBuildPhase;
			buildActionMask = 2147483647;
			files = (
				097880AE1C738D7400F39B52 /* LaunchScreen.storyboard in Resources */,
				097880AB1C738D7400F39B52 /* Assets.xcassets in Resources */,
				097880A91C738D7400F39B52 /* Main.storyboard in Resources */,
			);
			runOnlyForDeploymentPostprocessing = 0;
		};
		097880B21C738D7500F39B52 /* Resources */ = {
			isa = PBXResourcesBuildPhase;
			buildActionMask = 2147483647;
			files = (
			);
			runOnlyForDeploymentPostprocessing = 0;
		};
/* End PBXResourcesBuildPhase section */

/* Begin PBXSourcesBuildPhase section */
		097880971C738D7400F39B52 /* Sources */ = {
			isa = PBXSourcesBuildPhase;
			buildActionMask = 2147483647;
			files = (
				097883581C73948300F39B52 /* SchemaGenerator.m in Sources */,
				097883701C73959A00F39B52 /* IOSJoogarDatabaseResult.m in Sources */,
				097880A61C738D7400F39B52 /* ViewController.m in Sources */,
				097883541C73948300F39B52 /* NamingHelper.m in Sources */,
				097883561C73948300F39B52 /* QueryBuilder.m in Sources */,
				097883501C73948300F39B52 /* JoogarLogger.m in Sources */,
				097883571C73948300F39B52 /* ReflectionUtils.m in Sources */,
				0978834B1C73948300F39B52 /* JoogarCursorImpl.m in Sources */,
				097883591C73948300F39B52 /* SQLException.m in Sources */,
				0978835C1C73948300F39B52 /* Unique.m in Sources */,
				097883531C73948300F39B52 /* JoogarUpgradeScriptComparator.m in Sources */,
				097883761C73959A00F39B52 /* SQLiteStatement.m in Sources */,
				0978834A1C73948300F39B52 /* JoogarCursor.m in Sources */,
				097883741C73959A00F39B52 /* IOSSystemUtils.m in Sources */,
				0978834C1C73948300F39B52 /* JoogarCursorList.m in Sources */,
				0978834E1C73948300F39B52 /* JoogarDatabaseBuilder.m in Sources */,
				097883551C73948300F39B52 /* NotNull.m in Sources */,
				0978835B1C73948300F39B52 /* Table.m in Sources */,
				097883491C73948300F39B52 /* JoogarConfig.m in Sources */,
				097883461C73948300F39B52 /* Column.m in Sources */,
				097883711C73959A00F39B52 /* IOSJoogarLogger.m in Sources */,
				097883731C73959A00F39B52 /* IOSReflectionUtils.m in Sources */,
				097883751C73959A00F39B52 /* SQLiteDB.m in Sources */,
				097880A31C738D7400F39B52 /* AppDelegate.m in Sources */,
				0978834F1C73948300F39B52 /* JoogarDatabaseResult.m in Sources */,
				097883721C73959A00F39B52 /* IOSJoogarObjectFactory.m in Sources */,
				097883521C73948300F39B52 /* JoogarRecord.m in Sources */,
				0978836F1C73959A00F39B52 /* IOSJoogarDatabase.m in Sources */,
				097883481C73948300F39B52 /* Joogar.m in Sources */,
				097883471C73948300F39B52 /* Ignore.m in Sources */,
				0978834D1C73948300F39B52 /* JoogarDatabase.m in Sources */,
				097880A01C738D7400F39B52 /* main.m in Sources */,
				0978835A1C73948300F39B52 /* SystemUtils.m in Sources */,
				097883511C73948300F39B52 /* JoogarObjectAbstractFactory.m in Sources */,
			);
			runOnlyForDeploymentPostprocessing = 0;
		};
		097880B01C738D7500F39B52 /* Sources */ = {
			isa = PBXSourcesBuildPhase;
			buildActionMask = 2147483647;
			files = (
				097880B91C738D7500F39B52 /* JoogarExampleTests.m in Sources */,
			);
			runOnlyForDeploymentPostprocessing = 0;
		};
/* End PBXSourcesBuildPhase section */

/* Begin PBXTargetDependency section */
		097880B61C738D7500F39B52 /* PBXTargetDependency */ = {
			isa = PBXTargetDependency;
			target = 0978809A1C738D7400F39B52 /* JoogarExample */;
			targetProxy = 097880B51C738D7500F39B52 /* PBXContainerItemProxy */;
		};
/* End PBXTargetDependency section */

/* Begin PBXVariantGroup section */
		097880A71C738D7400F39B52 /* Main.storyboard */ = {
			isa = PBXVariantGroup;
			children = (
				097880A81C738D7400F39B52 /* Base */,
			);
			name = Main.storyboard;
			sourceTree = "<group>";
		};
		097880AC1C738D7400F39B52 /* LaunchScreen.storyboard */ = {
			isa = PBXVariantGroup;
			children = (
				097880AD1C738D7400F39B52 /* Base */,
			);
			name = LaunchScreen.storyboard;
			sourceTree = "<group>";
		};
/* End PBXVariantGroup section */

/* Begin XCBuildConfiguration section */
		097880BB1C738D7500F39B52 /* Debug */ = {
			isa = XCBuildConfiguration;
			buildSettings = {
				ALWAYS_SEARCH_USER_PATHS = NO;
				CLANG_CXX_LANGUAGE_STANDARD = "gnu++0x";
				CLANG_CXX_LIBRARY = "libc++";
				CLANG_ENABLE_MODULES = YES;
				CLANG_ENABLE_OBJC_ARC = YES;
				CLANG_WARN_BOOL_CONVERSION = YES;
				CLANG_WARN_CONSTANT_CONVERSION = YES;
				CLANG_WARN_DIRECT_OBJC_ISA_USAGE = YES_ERROR;
				CLANG_WARN_EMPTY_BODY = YES;
				CLANG_WARN_ENUM_CONVERSION = YES;
				CLANG_WARN_INT_CONVERSION = YES;
				CLANG_WARN_OBJC_ROOT_CLASS = YES_ERROR;
				CLANG_WARN_UNREACHABLE_CODE = YES;
				CLANG_WARN__DUPLICATE_METHOD_MATCH = YES;
				"CODE_SIGN_IDENTITY[sdk=iphoneos*]" = "iPhone Developer";
				COPY_PHASE_STRIP = NO;
				DEBUG_INFORMATION_FORMAT = dwarf;
				ENABLE_STRICT_OBJC_MSGSEND = YES;
				ENABLE_TESTABILITY = YES;
				GCC_C_LANGUAGE_STANDARD = gnu99;
				GCC_DYNAMIC_NO_PIC = NO;
				GCC_NO_COMMON_BLOCKS = YES;
				GCC_OPTIMIZATION_LEVEL = 0;
				GCC_PREPROCESSOR_DEFINITIONS = (
					"DEBUG=1",
					"$(inherited)",
				);
				GCC_WARN_64_TO_32_BIT_CONVERSION = YES;
				GCC_WARN_ABOUT_RETURN_TYPE = YES_ERROR;
				GCC_WARN_UNDECLARED_SELECTOR = YES;
				GCC_WARN_UNINITIALIZED_AUTOS = YES_AGGRESSIVE;
				GCC_WARN_UNUSED_FUNCTION = YES;
				GCC_WARN_UNUSED_VARIABLE = YES;
				IPHONEOS_DEPLOYMENT_TARGET = 9.2;
				MTL_ENABLE_DEBUG_INFO = YES;
				ONLY_ACTIVE_ARCH = YES;
				SDKROOT = iphoneos;
				TARGETED_DEVICE_FAMILY = "1,2";
				USER_HEADER_SEARCH_PATHS = "\"$(SRCROOT)/j2objc/include/\"/**";
			};
			name = Debug;
		};
		097880BC1C738D7500F39B52 /* Release */ = {
			isa = XCBuildConfiguration;
			buildSettings = {
				ALWAYS_SEARCH_USER_PATHS = NO;
				CLANG_CXX_LANGUAGE_STANDARD = "gnu++0x";
				CLANG_CXX_LIBRARY = "libc++";
				CLANG_ENABLE_MODULES = YES;
				CLANG_ENABLE_OBJC_ARC = YES;
				CLANG_WARN_BOOL_CONVERSION = YES;
				CLANG_WARN_CONSTANT_CONVERSION = YES;
				CLANG_WARN_DIRECT_OBJC_ISA_USAGE = YES_ERROR;
				CLANG_WARN_EMPTY_BODY = YES;
				CLANG_WARN_ENUM_CONVERSION = YES;
				CLANG_WARN_INT_CONVERSION = YES;
				CLANG_WARN_OBJC_ROOT_CLASS = YES_ERROR;
				CLANG_WARN_UNREACHABLE_CODE = YES;
				CLANG_WARN__DUPLICATE_METHOD_MATCH = YES;
				"CODE_SIGN_IDENTITY[sdk=iphoneos*]" = "iPhone Developer";
				COPY_PHASE_STRIP = NO;
				DEBUG_INFORMATION_FORMAT = "dwarf-with-dsym";
				ENABLE_NS_ASSERTIONS = NO;
				ENABLE_STRICT_OBJC_MSGSEND = YES;
				GCC_C_LANGUAGE_STANDARD = gnu99;
				GCC_NO_COMMON_BLOCKS = YES;
				GCC_WARN_64_TO_32_BIT_CONVERSION = YES;
				GCC_WARN_ABOUT_RETURN_TYPE = YES_ERROR;
				GCC_WARN_UNDECLARED_SELECTOR = YES;
				GCC_WARN_UNINITIALIZED_AUTOS = YES_AGGRESSIVE;
				GCC_WARN_UNUSED_FUNCTION = YES;
				GCC_WARN_UNUSED_VARIABLE = YES;
				IPHONEOS_DEPLOYMENT_TARGET = 9.2;
				MTL_ENABLE_DEBUG_INFO = NO;
				SDKROOT = iphoneos;
				TARGETED_DEVICE_FAMILY = "1,2";
				USER_HEADER_SEARCH_PATHS = "\"$(SRCROOT)/j2objc/include/\"/**";
				VALIDATE_PRODUCT = YES;
			};
			name = Release;
		};
		097880BE1C738D7500F39B52 /* Debug */ = {
			isa = XCBuildConfiguration;
			buildSettings = {
				ASSETCATALOG_COMPILER_APPICON_NAME = AppIcon;
				INFOPLIST_FILE = JoogarExample/Info.plist;
				LD_RUNPATH_SEARCH_PATHS = "$(inherited) @executable_path/Frameworks";
				LIBRARY_SEARCH_PATHS = (
					"$(inherited)",
					"$(PROJECT_DIR)/j2objc",
				);
				PRODUCT_BUNDLE_IDENTIFIER = skoumal.JoogarExample;
				PRODUCT_NAME = "$(TARGET_NAME)";
			};
			name = Debug;
		};
		097880BF1C738D7500F39B52 /* Release */ = {
			isa = XCBuildConfiguration;
			buildSettings = {
				ASSETCATALOG_COMPILER_APPICON_NAME = AppIcon;
				INFOPLIST_FILE = JoogarExample/Info.plist;
				LD_RUNPATH_SEARCH_PATHS = "$(inherited) @executable_path/Frameworks";
				LIBRARY_SEARCH_PATHS = (
					"$(inherited)",
					"$(PROJECT_DIR)/j2objc",
				);
				PRODUCT_BUNDLE_IDENTIFIER = skoumal.JoogarExample;
				PRODUCT_NAME = "$(TARGET_NAME)";
			};
			name = Release;
		};
		097880C11C738D7500F39B52 /* Debug */ = {
			isa = XCBuildConfiguration;
			buildSettings = {
				BUNDLE_LOADER = "$(TEST_HOST)";
				INFOPLIST_FILE = JoogarExampleTests/Info.plist;
				LD_RUNPATH_SEARCH_PATHS = "$(inherited) @executable_path/Frameworks @loader_path/Frameworks";
				PRODUCT_BUNDLE_IDENTIFIER = skoumal.JoogarExampleTests;
				PRODUCT_NAME = "$(TARGET_NAME)";
				TEST_HOST = "$(BUILT_PRODUCTS_DIR)/JoogarExample.app/JoogarExample";
			};
			name = Debug;
		};
		097880C21C738D7500F39B52 /* Release */ = {
			isa = XCBuildConfiguration;
			buildSettings = {
				BUNDLE_LOADER = "$(TEST_HOST)";
				INFOPLIST_FILE = JoogarExampleTests/Info.plist;
				LD_RUNPATH_SEARCH_PATHS = "$(inherited) @executable_path/Frameworks @loader_path/Frameworks";
				PRODUCT_BUNDLE_IDENTIFIER = skoumal.JoogarExampleTests;
				PRODUCT_NAME = "$(TARGET_NAME)";
				TEST_HOST = "$(BUILT_PRODUCTS_DIR)/JoogarExample.app/JoogarExample";
			};
			name = Release;
		};
/* End XCBuildConfiguration section */

/* Begin XCConfigurationList section */
		097880961C738D7400F39B52 /* Build configuration list for PBXProject "JoogarExample" */ = {
			isa = XCConfigurationList;
			buildConfigurations = (
				097880BB1C738D7500F39B52 /* Debug */,
				097880BC1C738D7500F39B52 /* Release */,
			);
			defaultConfigurationIsVisible = 0;
			defaultConfigurationName = Release;
		};
		097880BD1C738D7500F39B52 /* Build configuration list for PBXNativeTarget "JoogarExample" */ = {
			isa = XCConfigurationList;
			buildConfigurations = (
				097880BE1C738D7500F39B52 /* Debug */,
				097880BF1C738D7500F39B52 /* Release */,
			);
			defaultConfigurationIsVisible = 0;
			defaultConfigurationName = Release;
		};
		097880C01C738D7500F39B52 /* Build configuration list for PBXNativeTarget "JoogarExampleTests" */ = {
			isa = XCConfigurationList;
			buildConfigurations = (
				097880C11C738D7500F39B52 /* Debug */,
				097880C21C738D7500F39B52 /* Release */,
			);
			defaultConfigurationIsVisible = 0;
			defaultConfigurationName = Release;
		};
/* End XCConfigurationList section */
	};
	rootObject = 097880931C738D7400F39B52 /* Project object */;
}
